github.com/Jason-Duffy/tinystrconv v0.1.0 h1:Sac7GjMH0U0QmLoMydM0KH4zL/dlVSXhjeO8v6pouI0=
github.com/Jason-Duffy/tinystrconv v0.1.0/go.mod h1:4tYwGu0e8AChF6V20HwTIP6qtH0dNz9d/o9oOQ84Crs=
github.com/Jason-Duffy/tinystrconv v0.1.1 h1:Brfe7vQuaTLG/VZcXAjf8t11j5gvFKV1W70FLNDBfLw=
github.com/Jason-Duffy/tinystrconv v0.1.1/go.mod h1:4tYwGu0e8AChF6V20HwTIP6qtH0dNz9d/o9oOQ84Crs=
